
Microsoft Visual Studio Solution File, Format Version 12.00
# Visual Studio Version 17
VisualStudioVersion = 17.0.31903.59
MinimumVisualStudioVersion = 10.0.40219.1
Project("{2150E333-8FDC-42A3-9474-1A3956D46DE8}") = "src", "src", "{09F48D15-8EA8-4BCB-8979-CBFA6028F931}"
EndProject
Project("{F2A71F9B-5D33-465A-A702-920D77279786}") = "Example", "src\Example\Example.fsproj", "{6B8EF0AA-9B16-4E28-A267-CDF7D5D0FCCD}"
EndProject
Project("{F2A71F9B-5D33-465A-A702-920D77279786}") = "YuGiOh", "src\YuGiOh\YuGiOh.fsproj", "{607C51D3-7DA8-4243-8EC6-85958B9E7C19}"
EndProject
Global
	GlobalSection(SolutionConfigurationPlatforms) = preSolution
		Debug|Any CPU = Debug|Any CPU
		Release|Any CPU = Release|Any CPU
	EndGlobalSection
	GlobalSection(SolutionProperties) = preSolution
		HideSolutionNode = FALSE
	EndGlobalSection
	GlobalSection(ProjectConfigurationPlatforms) = postSolution
		{6B8EF0AA-9B16-4E28-A267-CDF7D5D0FCCD}.Debug|Any CPU.ActiveCfg = Debug|Any CPU
		{6B8EF0AA-9B16-4E28-A267-CDF7D5D0FCCD}.Debug|Any CPU.Build.0 = Debug|Any CPU
		{6B8EF0AA-9B16-4E28-A267-CDF7D5D0FCCD}.Release|Any CPU.ActiveCfg = Release|Any CPU
		{6B8EF0AA-9B16-4E28-A267-CDF7D5D0FCCD}.Release|Any CPU.Build.0 = Release|Any CPU
		{607C51D3-7DA8-4243-8EC6-85958B9E7C19}.Debug|Any CPU.ActiveCfg = Debug|Any CPU
		{607C51D3-7DA8-4243-8EC6-85958B9E7C19}.Debug|Any CPU.Build.0 = Debug|Any CPU
		{607C51D3-7DA8-4243-8EC6-85958B9E7C19}.Release|Any CPU.ActiveCfg = Release|Any CPU
		{607C51D3-7DA8-4243-8EC6-85958B9E7C19}.Release|Any CPU.Build.0 = Release|Any CPU
	EndGlobalSection
	GlobalSection(NestedProjects) = preSolution
		{6B8EF0AA-9B16-4E28-A267-CDF7D5D0FCCD} = {09F48D15-8EA8-4BCB-8979-CBFA6028F931}
		{607C51D3-7DA8-4243-8EC6-85958B9E7C19} = {09F48D15-8EA8-4BCB-8979-CBFA6028F931}
	EndGlobalSection
EndGlobal
